// !$*UTF8*$!
{
	archiveVersion = 1;
	classes = {
	};
	objectVersion = 45;
	objects = {

/* Begin PBXBuildFile section */
		1D3623260D0F684500981E51 /* FoodAppDelegate.m in Sources */ = {isa = PBXBuildFile; fileRef = 1D3623250D0F684500981E51 /* FoodAppDelegate.m */; };
		1D60589B0D05DD56006BFB54 /* main.m in Sources */ = {isa = PBXBuildFile; fileRef = 29B97316FDCFA39411CA2CEA /* main.m */; };
		1D60589F0D05DD5A006BFB54 /* Foundation.framework in Frameworks */ = {isa = PBXBuildFile; fileRef = 1D30AB110D05D00D00671497 /* Foundation.framework */; };
		1DF5F4E00D08C38300B7A737 /* UIKit.framework in Frameworks */ = {isa = PBXBuildFile; fileRef = 1DF5F4DF0D08C38300B7A737 /* UIKit.framework */; };
		288765A50DF7441C002DB57D /* CoreGraphics.framework in Frameworks */ = {isa = PBXBuildFile; fileRef = 288765A40DF7441C002DB57D /* CoreGraphics.framework */; };
		2899E5220DE3E06400AC0155 /* FoodViewController.xib in Resources */ = {isa = PBXBuildFile; fileRef = 2899E5210DE3E06400AC0155 /* FoodViewController.xib */; };
		28AD733F0D9D9553002E5188 /* MainWindow.xib in Resources */ = {isa = PBXBuildFile; fileRef = 28AD733E0D9D9553002E5188 /* MainWindow.xib */; };
		28D7ACF80DDB3853001CB0EB /* FoodViewController.m in Sources */ = {isa = PBXBuildFile; fileRef = 28D7ACF70DDB3853001CB0EB /* FoodViewController.m */; };
		9B1133750EB364EA00335B12 /* RootViewController.xib in Resources */ = {isa = PBXBuildFile; fileRef = 9B1133740EB364EA00335B12 /* RootViewController.xib */; };
		9B1133840EB3664600335B12 /* ItemViewController.m in Sources */ = {isa = PBXBuildFile; fileRef = 9B1133830EB3664600335B12 /* ItemViewController.m */; };
		9B1133880EB3665D00335B12 /* ItemViewController.xib in Resources */ = {isa = PBXBuildFile; fileRef = 9B1133870EB3665D00335B12 /* ItemViewController.xib */; };
		9B1133AE0EB3A14800335B12 /* DetailViewController.m in Sources */ = {isa = PBXBuildFile; fileRef = 9B1133AD0EB3A14800335B12 /* DetailViewController.m */; };
		9B1133B20EB3A16A00335B12 /* DetailViewController.xib in Resources */ = {isa = PBXBuildFile; fileRef = 9B1133B10EB3A16A00335B12 /* DetailViewController.xib */; };
		9B22F0900EBD75F2003869F5 /* Icon.png in Resources */ = {isa = PBXBuildFile; fileRef = 9B22F07D0EBD75F2003869F5 /* Icon.png */; };
		9B22F0910EBD75F2003869F5 /* banana_split.jpg in Resources */ = {isa = PBXBuildFile; fileRef = 9B22F07F0EBD75F2003869F5 /* banana_split.jpg */; };
		9B22F0920EBD75F2003869F5 /* blizzard.jpg in Resources */ = {isa = PBXBuildFile; fileRef = 9B22F0800EBD75F2003869F5 /* blizzard.jpg */; };
		9B22F0930EBD75F2003869F5 /* brownie.jpg in Resources */ = {isa = PBXBuildFile; fileRef = 9B22F0810EBD75F2003869F5 /* brownie.jpg */; };
		9B22F0940EBD75F2003869F5 /* cakes.jpg in Resources */ = {isa = PBXBuildFile; fileRef = 9B22F0820EBD75F2003869F5 /* cakes.jpg */; };
		9B22F0950EBD75F2003869F5 /* cone.jpg in Resources */ = {isa = PBXBuildFile; fileRef = 9B22F0830EBD75F2003869F5 /* cone.jpg */; };
		9B22F0960EBD75F2003869F5 /* dillybar.jpg in Resources */ = {isa = PBXBuildFile; fileRef = 9B22F0840EBD75F2003869F5 /* dillybar.jpg */; };
		9B22F0970EBD75F2003869F5 /* DQ_Logo.jpg in Resources */ = {isa = PBXBuildFile; fileRef = 9B22F0850EBD75F2003869F5 /* DQ_Logo.jpg */; };
		9B22F0980EBD75F2003869F5 /* icecream_sandwich.jpg in Resources */ = {isa = PBXBuildFile; fileRef = 9B22F0860EBD75F2003869F5 /* icecream_sandwich.jpg */; };
		9B22F0990EBD75F2003869F5 /* main_logo.jpg in Resources */ = {isa = PBXBuildFile; fileRef = 9B22F0870EBD75F2003869F5 /* main_logo.jpg */; };
		9B22F09A0EBD75F2003869F5 /* menu.jpg in Resources */ = {isa = PBXBuildFile; fileRef = 9B22F0880EBD75F2003869F5 /* menu.jpg */; };
		9B22F09B0EBD75F2003869F5 /* menu_keypress.jpg in Resources */ = {isa = PBXBuildFile; fileRef = 9B22F0890EBD75F2003869F5 /* menu_keypress.jpg */; };
		9B22F09C0EBD75F2003869F5 /* milkshake.jpg in Resources */ = {isa = PBXBuildFile; fileRef = 9B22F08A0EBD75F2003869F5 /* milkshake.jpg */; };
		9B22F09D0EBD75F2003869F5 /* moolatte.jpg in Resources */ = {isa = PBXBuildFile; fileRef = 9B22F08B0EBD75F2003869F5 /* moolatte.jpg */; };
		9B22F09E0EBD75F2003869F5 /* peanut_parfait.jpg in Resources */ = {isa = PBXBuildFile; fileRef = 9B22F08C0EBD75F2003869F5 /* peanut_parfait.jpg */; };
		9B22F09F0EBD75F2003869F5 /* slushie.jpg in Resources */ = {isa = PBXBuildFile; fileRef = 9B22F08D0EBD75F2003869F5 /* slushie.jpg */; };
		9B22F0A00EBD75F2003869F5 /* strawberry.jpg in Resources */ = {isa = PBXBuildFile; fileRef = 9B22F08E0EBD75F2003869F5 /* strawberry.jpg */; };
		9B8C84EC0EAE3826007D2712 /* RootViewController.m in Sources */ = {isa = PBXBuildFile; fileRef = 9B8C84EB0EAE3826007D2712 /* RootViewController.m */; };
		9BCE4A2A0EC20B6B00907635 /* menu.plist.working in Resources */ = {isa = PBXBuildFile; fileRef = 9BCE4A280EC20B6B00907635 /* menu.plist.working */; };
		9BCE4A490EC20E9800907635 /* menu.plist.alsoworking in Resources */ = {isa = PBXBuildFile; fileRef = 9BCE4A480EC20E9800907635 /* menu.plist.alsoworking */; };
		9BCE4A4F0EC20F6E00907635 /* menu.plist in Resources */ = {isa = PBXBuildFile; fileRef = 9BCE4A4E0EC20F6E00907635 /* menu.plist */; };
/* End PBXBuildFile section */

/* Begin PBXFileReference section */
		1D30AB110D05D00D00671497 /* Foundation.framework */ = {isa = PBXFileReference; lastKnownFileType = wrapper.framework; name = Foundation.framework; path = System/Library/Frameworks/Foundation.framework; sourceTree = SDKROOT; };
		1D3623240D0F684500981E51 /* FoodAppDelegate.h */ = {isa = PBXFileReference; fileEncoding = 4; lastKnownFileType = sourcecode.c.h; path = FoodAppDelegate.h; sourceTree = "<group>"; };
		1D3623250D0F684500981E51 /* FoodAppDelegate.m */ = {isa = PBXFileReference; fileEncoding = 4; lastKnownFileType = sourcecode.c.objc; path = FoodAppDelegate.m; sourceTree = "<group>"; };
		1D6058910D05DD3D006BFB54 /* Food.app */ = {isa = PBXFileReference; explicitFileType = wrapper.application; includeInIndex = 0; path = Food.app; sourceTree = BUILT_PRODUCTS_DIR; };
		1DF5F4DF0D08C38300B7A737 /* UIKit.framework */ = {isa = PBXFileReference; lastKnownFileType = wrapper.framework; name = UIKit.framework; path = System/Library/Frameworks/UIKit.framework; sourceTree = SDKROOT; };
		288765A40DF7441C002DB57D /* CoreGraphics.framework */ = {isa = PBXFileReference; lastKnownFileType = wrapper.framework; name = CoreGraphics.framework; path = System/Library/Frameworks/CoreGraphics.framework; sourceTree = SDKROOT; };
		2899E5210DE3E06400AC0155 /* FoodViewController.xib */ = {isa = PBXFileReference; lastKnownFileType = file.xib; path = FoodViewController.xib; sourceTree = "<group>"; };
		28AD733E0D9D9553002E5188 /* MainWindow.xib */ = {isa = PBXFileReference; lastKnownFileType = file.xib; path = MainWindow.xib; sourceTree = "<group>"; };
		28D7ACF60DDB3853001CB0EB /* FoodViewController.h */ = {isa = PBXFileReference; fileEncoding = 4; lastKnownFileType = sourcecode.c.h; path = FoodViewController.h; sourceTree = "<group>"; };
		28D7ACF70DDB3853001CB0EB /* FoodViewController.m */ = {isa = PBXFileReference; fileEncoding = 4; lastKnownFileType = sourcecode.c.objc; path = FoodViewController.m; sourceTree = "<group>"; };
		29B97316FDCFA39411CA2CEA /* main.m */ = {isa = PBXFileReference; fileEncoding = 4; lastKnownFileType = sourcecode.c.objc; path = main.m; sourceTree = "<group>"; };
		32CA4F630368D1EE00C91783 /* Food_Prefix.pch */ = {isa = PBXFileReference; fileEncoding = 4; lastKnownFileType = sourcecode.c.h; path = Food_Prefix.pch; sourceTree = "<group>"; };
		8D1107310486CEB800E47090 /* Info.plist */ = {isa = PBXFileReference; fileEncoding = 4; lastKnownFileType = text.plist.xml; path = Info.plist; sourceTree = "<group>"; };
		9B1133740EB364EA00335B12 /* RootViewController.xib */ = {isa = PBXFileReference; lastKnownFileType = file.xib; path = RootViewController.xib; sourceTree = "<group>"; };
		9B1133820EB3664600335B12 /* ItemViewController.h */ = {isa = PBXFileReference; fileEncoding = 4; lastKnownFileType = sourcecode.c.h; path = ItemViewController.h; sourceTree = "<group>"; };
		9B1133830EB3664600335B12 /* ItemViewController.m */ = {isa = PBXFileReference; fileEncoding = 4; lastKnownFileType = sourcecode.c.objc; path = ItemViewController.m; sourceTree = "<group>"; };
		9B1133870EB3665D00335B12 /* ItemViewController.xib */ = {isa = PBXFileReference; lastKnownFileType = file.xib; path = ItemViewController.xib; sourceTree = "<group>"; };
		9B1133AC0EB3A14800335B12 /* DetailViewController.h */ = {isa = PBXFileReference; fileEncoding = 4; lastKnownFileType = sourcecode.c.h; path = DetailViewController.h; sourceTree = "<group>"; };
		9B1133AD0EB3A14800335B12 /* DetailViewController.m */ = {isa = PBXFileReference; fileEncoding = 4; lastKnownFileType = sourcecode.c.objc; path = DetailViewController.m; sourceTree = "<group>"; };
		9B1133B10EB3A16A00335B12 /* DetailViewController.xib */ = {isa = PBXFileReference; lastKnownFileType = file.xib; path = DetailViewController.xib; sourceTree = "<group>"; };
		9B22F07D0EBD75F2003869F5 /* Icon.png */ = {isa = PBXFileReference; lastKnownFileType = image.png; path = Icon.png; sourceTree = "<group>"; };
		9B22F07F0EBD75F2003869F5 /* banana_split.jpg */ = {isa = PBXFileReference; lastKnownFileType = image.jpeg; path = banana_split.jpg; sourceTree = "<group>"; };
		9B22F0800EBD75F2003869F5 /* blizzard.jpg */ = {isa = PBXFileReference; lastKnownFileType = image.jpeg; path = blizzard.jpg; sourceTree = "<group>"; };
		9B22F0810EBD75F2003869F5 /* brownie.jpg */ = {isa = PBXFileReference; lastKnownFileType = image.jpeg; path = brownie.jpg; sourceTree = "<group>"; };
		9B22F0820EBD75F2003869F5 /* cakes.jpg */ = {isa = PBXFileReference; lastKnownFileType = image.jpeg; path = cakes.jpg; sourceTree = "<group>"; };
		9B22F0830EBD75F2003869F5 /* cone.jpg */ = {isa = PBXFileReference; lastKnownFileType = image.jpeg; path = cone.jpg; sourceTree = "<group>"; };
		9B22F0840EBD75F2003869F5 /* dillybar.jpg */ = {isa = PBXFileReference; lastKnownFileType = image.jpeg; path = dillybar.jpg; sourceTree = "<group>"; };
		9B22F0850EBD75F2003869F5 /* DQ_Logo.jpg */ = {isa = PBXFileReference; lastKnownFileType = image.jpeg; path = DQ_Logo.jpg; sourceTree = "<group>"; };
		9B22F0860EBD75F2003869F5 /* icecream_sandwich.jpg */ = {isa = PBXFileReference; lastKnownFileType = image.jpeg; path = icecream_sandwich.jpg; sourceTree = "<group>"; };
		9B22F0870EBD75F2003869F5 /* main_logo.jpg */ = {isa = PBXFileReference; lastKnownFileType = image.jpeg; path = main_logo.jpg; sourceTree = "<group>"; };
		9B22F0880EBD75F2003869F5 /* menu.jpg */ = {isa = PBXFileReference; lastKnownFileType = image.jpeg; path = menu.jpg; sourceTree = "<group>"; };
		9B22F0890EBD75F2003869F5 /* menu_keypress.jpg */ = {isa = PBXFileReference; lastKnownFileType = image.jpeg; path = menu_keypress.jpg; sourceTree = "<group>"; };
		9B22F08A0EBD75F2003869F5 /* milkshake.jpg */ = {isa = PBXFileReference; lastKnownFileType = image.jpeg; path = milkshake.jpg; sourceTree = "<group>"; };
		9B22F08B0EBD75F2003869F5 /* moolatte.jpg */ = {isa = PBXFileReference; lastKnownFileType = image.jpeg; path = moolatte.jpg; sourceTree = "<group>"; };
		9B22F08C0EBD75F2003869F5 /* peanut_parfait.jpg */ = {isa = PBXFileReference; lastKnownFileType = image.jpeg; path = peanut_parfait.jpg; sourceTree = "<group>"; };
		9B22F08D0EBD75F2003869F5 /* slushie.jpg */ = {isa = PBXFileReference; lastKnownFileType = image.jpeg; path = slushie.jpg; sourceTree = "<group>"; };
		9B22F08E0EBD75F2003869F5 /* strawberry.jpg */ = {isa = PBXFileReference; lastKnownFileType = image.jpeg; path = strawberry.jpg; sourceTree = "<group>"; };
		9B8C84EA0EAE3826007D2712 /* RootViewController.h */ = {isa = PBXFileReference; fileEncoding = 4; lastKnownFileType = sourcecode.c.h; path = RootViewController.h; sourceTree = "<group>"; };
		9B8C84EB0EAE3826007D2712 /* RootViewController.m */ = {isa = PBXFileReference; fileEncoding = 4; lastKnownFileType = sourcecode.c.objc; path = RootViewController.m; sourceTree = "<group>"; };
		9BCE4A280EC20B6B00907635 /* menu.plist.working */ = {isa = PBXFileReference; fileEncoding = 4; lastKnownFileType = text.xml; path = menu.plist.working; sourceTree = "<group>"; };
		9BCE4A480EC20E9800907635 /* menu.plist.alsoworking */ = {isa = PBXFileReference; fileEncoding = 4; lastKnownFileType = text.xml; path = menu.plist.alsoworking; sourceTree = "<group>"; };
		9BCE4A4E0EC20F6E00907635 /* menu.plist */ = {isa = PBXFileReference; fileEncoding = 4; lastKnownFileType = text.plist.xml; path = menu.plist; sourceTree = "<group>"; };
/* End PBXFileReference section */

/* Begin PBXFrameworksBuildPhase section */
		1D60588F0D05DD3D006BFB54 /* Frameworks */ = {
			isa = PBXFrameworksBuildPhase;
			buildActionMask = 2147483647;
			files = (
				1D60589F0D05DD5A006BFB54 /* Foundation.framework in Frameworks */,
				1DF5F4E00D08C38300B7A737 /* UIKit.framework in Frameworks */,
				288765A50DF7441C002DB57D /* CoreGraphics.framework in Frameworks */,
			);
			runOnlyForDeploymentPostprocessing = 0;
		};
/* End PBXFrameworksBuildPhase section */

/* Begin PBXGroup section */
		080E96DDFE201D6D7F000001 /* Classes */ = {
			isa = PBXGroup;
			children = (
				1D3623240D0F684500981E51 /* FoodAppDelegate.h */,
				1D3623250D0F684500981E51 /* FoodAppDelegate.m */,
				28D7ACF60DDB3853001CB0EB /* FoodViewController.h */,
				28D7ACF70DDB3853001CB0EB /* FoodViewController.m */,
				9B8C84EA0EAE3826007D2712 /* RootViewController.h */,
				9B8C84EB0EAE3826007D2712 /* RootViewController.m */,
				9B1133820EB3664600335B12 /* ItemViewController.h */,
				9B1133830EB3664600335B12 /* ItemViewController.m */,
				9B1133AC0EB3A14800335B12 /* DetailViewController.h */,
				9B1133AD0EB3A14800335B12 /* DetailViewController.m */,
			);
			path = Classes;
			sourceTree = "<group>";
		};
		19C28FACFE9D520D11CA2CBB /* Products */ = {
			isa = PBXGroup;
			children = (
				1D6058910D05DD3D006BFB54 /* Food.app */,
			);
			name = Products;
			sourceTree = "<group>";
		};
		29B97314FDCFA39411CA2CEA /* CustomTemplate */ = {
			isa = PBXGroup;
			children = (
				080E96DDFE201D6D7F000001 /* Classes */,
				29B97315FDCFA39411CA2CEA /* Other Sources */,
				29B97317FDCFA39411CA2CEA /* Resources */,
				29B97323FDCFA39411CA2CEA /* Frameworks */,
				19C28FACFE9D520D11CA2CBB /* Products */,
			);
			name = CustomTemplate;
			sourceTree = "<group>";
		};
		29B97315FDCFA39411CA2CEA /* Other Sources */ = {
			isa = PBXGroup;
			children = (
				32CA4F630368D1EE00C91783 /* Food_Prefix.pch */,
				29B97316FDCFA39411CA2CEA /* main.m */,
			);
			name = "Other Sources";
			sourceTree = "<group>";
		};
		29B97317FDCFA39411CA2CEA /* Resources */ = {
			isa = PBXGroup;
			children = (
				9BCE4A4E0EC20F6E00907635 /* menu.plist */,
				9BCE4A480EC20E9800907635 /* menu.plist.alsoworking */,
				9BCE4A280EC20B6B00907635 /* menu.plist.working */,
				9B22F07D0EBD75F2003869F5 /* Icon.png */,
				9B22F07E0EBD75F2003869F5 /* Images */,
				28AD733E0D9D9553002E5188 /* MainWindow.xib */,
				8D1107310486CEB800E47090 /* Info.plist */,
				2899E5210DE3E06400AC0155 /* FoodViewController.xib */,
				9B1133740EB364EA00335B12 /* RootViewController.xib */,
				9B1133870EB3665D00335B12 /* ItemViewController.xib */,
				9B1133B10EB3A16A00335B12 /* DetailViewController.xib */,
			);
			name = Resources;
			sourceTree = "<group>";
		};
		29B97323FDCFA39411CA2CEA /* Frameworks */ = {
			isa = PBXGroup;
			children = (
				1DF5F4DF0D08C38300B7A737 /* UIKit.framework */,
				1D30AB110D05D00D00671497 /* Foundation.framework */,
				288765A40DF7441C002DB57D /* CoreGraphics.framework */,
			);
			name = Frameworks;
			sourceTree = "<group>";
		};
		9B22F07E0EBD75F2003869F5 /* Images */ = {
			isa = PBXGroup;
			children = (
				9B22F07F0EBD75F2003869F5 /* banana_split.jpg */,
				9B22F0800EBD75F2003869F5 /* blizzard.jpg */,
				9B22F0810EBD75F2003869F5 /* brownie.jpg */,
				9B22F0820EBD75F2003869F5 /* cakes.jpg */,
				9B22F0830EBD75F2003869F5 /* cone.jpg */,
				9B22F0840EBD75F2003869F5 /* dillybar.jpg */,
				9B22F0850EBD75F2003869F5 /* DQ_Logo.jpg */,
				9B22F0860EBD75F2003869F5 /* icecream_sandwich.jpg */,
				9B22F0870EBD75F2003869F5 /* main_logo.jpg */,
				9B22F0880EBD75F2003869F5 /* menu.jpg */,
				9B22F0890EBD75F2003869F5 /* menu_keypress.jpg */,
				9B22F08A0EBD75F2003869F5 /* milkshake.jpg */,
				9B22F08B0EBD75F2003869F5 /* moolatte.jpg */,
				9B22F08C0EBD75F2003869F5 /* peanut_parfait.jpg */,
				9B22F08D0EBD75F2003869F5 /* slushie.jpg */,
				9B22F08E0EBD75F2003869F5 /* strawberry.jpg */,
			);
			path = Images;
			sourceTree = "<group>";
		};
/* End PBXGroup section */

/* Begin PBXNativeTarget section */
		1D6058900D05DD3D006BFB54 /* Food */ = {
			isa = PBXNativeTarget;
			buildConfigurationList = 1D6058960D05DD3E006BFB54 /* Build configuration list for PBXNativeTarget "Food" */;
			buildPhases = (
				1D60588D0D05DD3D006BFB54 /* Resources */,
				1D60588E0D05DD3D006BFB54 /* Sources */,
				1D60588F0D05DD3D006BFB54 /* Frameworks */,
			);
			buildRules = (
			);
			dependencies = (
			);
			name = Food;
			productName = Food;
			productReference = 1D6058910D05DD3D006BFB54 /* Food.app */;
			productType = "com.apple.product-type.application";
		};
/* End PBXNativeTarget section */

/* Begin PBXProject section */
		29B97313FDCFA39411CA2CEA /* Project object */ = {
			isa = PBXProject;
			buildConfigurationList = C01FCF4E08A954540054247B /* Build configuration list for PBXProject "Food" */;
			compatibilityVersion = "Xcode 3.1";
			hasScannedForEncodings = 1;
			mainGroup = 29B97314FDCFA39411CA2CEA /* CustomTemplate */;
			projectDirPath = "";
			projectRoot = "";
			targets = (
				1D6058900D05DD3D006BFB54 /* Food */,
			);
		};
/* End PBXProject section */

/* Begin PBXResourcesBuildPhase section */
		1D60588D0D05DD3D006BFB54 /* Resources */ = {
			isa = PBXResourcesBuildPhase;
			buildActionMask = 2147483647;
			files = (
				28AD733F0D9D9553002E5188 /* MainWindow.xib in Resources */,
				2899E5220DE3E06400AC0155 /* FoodViewController.xib in Resources */,
				9B1133750EB364EA00335B12 /* RootViewController.xib in Resources */,
				9B1133880EB3665D00335B12 /* ItemViewController.xib in Resources */,
				9B1133B20EB3A16A00335B12 /* DetailViewController.xib in Resources */,
				9B22F0900EBD75F2003869F5 /* Icon.png in Resources */,
				9B22F0910EBD75F2003869F5 /* banana_split.jpg in Resources */,
				9B22F0920EBD75F2003869F5 /* blizzard.jpg in Resources */,
				9B22F0930EBD75F2003869F5 /* brownie.jpg in Resources */,
				9B22F0940EBD75F2003869F5 /* cakes.jpg in Resources */,
				9B22F0950EBD75F2003869F5 /* cone.jpg in Resources */,
				9B22F0960EBD75F2003869F5 /* dillybar.jpg in Resources */,
				9B22F0970EBD75F2003869F5 /* DQ_Logo.jpg in Resources */,
				9B22F0980EBD75F2003869F5 /* icecream_sandwich.jpg in Resources */,
				9B22F0990EBD75F2003869F5 /* main_logo.jpg in Resources */,
				9B22F09A0EBD75F2003869F5 /* menu.jpg in Resources */,
				9B22F09B0EBD75F2003869F5 /* menu_keypress.jpg in Resources */,
				9B22F09C0EBD75F2003869F5 /* milkshake.jpg in Resources */,
				9B22F09D0EBD75F2003869F5 /* moolatte.jpg in Resources */,
				9B22F09E0EBD75F2003869F5 /* peanut_parfait.jpg in Resources */,
				9B22F09F0EBD75F2003869F5 /* slushie.jpg in Resources */,
				9B22F0A00EBD75F2003869F5 /* strawberry.jpg in Resources */,
				9BCE4A2A0EC20B6B00907635 /* menu.plist.working in Resources */,
				9BCE4A490EC20E9800907635 /* menu.plist.alsoworking in Resources */,
				9BCE4A4F0EC20F6E00907635 /* menu.plist in Resources */,
			);
			runOnlyForDeploymentPostprocessing = 0;
		};
/* End PBXResourcesBuildPhase section */

/* Begin PBXSourcesBuildPhase section */
		1D60588E0D05DD3D006BFB54 /* Sources */ = {
			isa = PBXSourcesBuildPhase;
			buildActionMask = 2147483647;
			files = (
				1D60589B0D05DD56006BFB54 /* main.m in Sources */,
				1D3623260D0F684500981E51 /* FoodAppDelegate.m in Sources */,
				28D7ACF80DDB3853001CB0EB /* FoodViewController.m in Sources */,
				9B8C84EC0EAE3826007D2712 /* RootViewController.m in Sources */,
				9B1133840EB3664600335B12 /* ItemViewController.m in Sources */,
				9B1133AE0EB3A14800335B12 /* DetailViewController.m in Sources */,
			);
			runOnlyForDeploymentPostprocessing = 0;
		};
/* End PBXSourcesBuildPhase section */

/* Begin XCBuildConfiguration section */
		1D6058940D05DD3E006BFB54 /* Debug */ = {
			isa = XCBuildConfiguration;
			buildSettings = {
				ALWAYS_SEARCH_USER_PATHS = NO;
				COPY_PHASE_STRIP = NO;
				GCC_DYNAMIC_NO_PIC = NO;
				GCC_OPTIMIZATION_LEVEL = 0;
				GCC_PRECOMPILE_PREFIX_HEADER = YES;
				GCC_PREFIX_HEADER = Food_Prefix.pch;
				INFOPLIST_FILE = Info.plist;
				PRODUCT_NAME = Food;
			};
			name = Debug;
		};
		1D6058950D05DD3E006BFB54 /* Release */ = {
			isa = XCBuildConfiguration;
			buildSettings = {
				ALWAYS_SEARCH_USER_PATHS = NO;
				COPY_PHASE_STRIP = YES;
				GCC_PRECOMPILE_PREFIX_HEADER = YES;
				GCC_PREFIX_HEADER = Food_Prefix.pch;
				INFOPLIST_FILE = Info.plist;
				PRODUCT_NAME = Food;
			};
			name = Release;
		};
		C01FCF4F08A954540054247B /* Debug */ = {
			isa = XCBuildConfiguration;
			buildSettings = {
				ARCHS = "$(ARCHS_STANDARD_32_BIT)";
				"CODE_SIGN_IDENTITY[sdk=iphoneos*]" = "iPhone Developer";
				GCC_C_LANGUAGE_STANDARD = c99;
				GCC_WARN_ABOUT_RETURN_TYPE = YES;
				GCC_WARN_UNUSED_VARIABLE = YES;
				ONLY_ACTIVE_ARCH = YES;
				PREBINDING = NO;
				SDKROOT = iphoneos2.1;
			};
			name = Debug;
		};
		C01FCF5008A954540054247B /* Release */ = {
			isa = XCBuildConfiguration;
			buildSettings = {
				ARCHS = "$(ARCHS_STANDARD_32_BIT)";
				"CODE_SIGN_IDENTITY[sdk=iphoneos*]" = "iPhone Developer";
				GCC_C_LANGUAGE_STANDARD = c99;
				GCC_WARN_ABOUT_RETURN_TYPE = YES;
				GCC_WARN_UNUSED_VARIABLE = YES;
				PREBINDING = NO;
				SDKROOT = iphoneos2.1;
			};
			name = Release;
		};
/* End XCBuildConfiguration section */

/* Begin XCConfigurationList section */
		1D6058960D05DD3E006BFB54 /* Build configuration list for PBXNativeTarget "Food" */ = {
			isa = XCConfigurationList;
			buildConfigurations = (
				1D6058940D05DD3E006BFB54 /* Debug */,
				1D6058950D05DD3E006BFB54 /* Release */,
			);
			defaultConfigurationIsVisible = 0;
			defaultConfigurationName = Release;
		};
		C01FCF4E08A954540054247B /* Build configuration list for PBXProject "Food" */ = {
			isa = XCConfigurationList;
			buildConfigurations = (
				C01FCF4F08A954540054247B /* Debug */,
				C01FCF5008A954540054247B /* Release */,
			);
			defaultConfigurationIsVisible = 0;
			defaultConfigurationName = Release;
		};
/* End XCConfigurationList section */
	};
	rootObject = 29B97313FDCFA39411CA2CEA /* Project object */;
}
